
Microsoft Visual Studio Solution File, Format Version 12.00
# Visual Studio Version 16
VisualStudioVersion = 16.0.33027.164
MinimumVisualStudioVersion = 10.0.40219.1
Project("{FAE04EC0-301F-11D3-BF4B-00C04F79EFBC}") = "AwayDayPlanner", "AwayDayPlanner.csproj", "{943822C5-8227-4D73-B5BE-B8255CAB03EB}"
EndProject
Global
	GlobalSection(SolutionConfigurationPlatforms) = preSolution
		Debug|Any CPU = Debug|Any CPU
		Release|Any CPU = Release|Any CPU
	EndGlobalSection
	GlobalSection(ProjectConfigurationPlatforms) = postSolution
		{943822C5-8227-4D73-B5BE-B8255CAB03EB}.Debug|Any CPU.ActiveCfg = Debug|Any CPU
		{943822C5-8227-4D73-B5BE-B8255CAB03EB}.Debug|Any CPU.Build.0 = Debug|Any CPU
		{943822C5-8227-4D73-B5BE-B8255CAB03EB}.Release|Any CPU.ActiveCfg = Release|Any CPU
		{943822C5-8227-4D73-B5BE-B8255CAB03EB}.Release|Any CPU.Build.0 = Release|Any CPU
	EndGlobalSection
	GlobalSection(SolutionProperties) = preSolution
		HideSolutionNode = FALSE
	EndGlobalSection
	GlobalSection(ExtensibilityGlobals) = postSolution
		SolutionGuid = {06B379E5-7D6F-4C05-9D71-DBAA688E522F}
	EndGlobalSection
EndGlobal
